
Microsoft Visual Studio Solution File, Format Version 12.00
# Visual Studio Version 17
VisualStudioVersion = 17.6.33829.357
MinimumVisualStudioVersion = 10.0.40219.1
Project("{FAE04EC0-301F-11D3-BF4B-00C04F79EFBC}") = "W2CPrueba", "W2CPrueba\W2CPrueba.csproj", "{C8C76B57-FCE9-43BD-BC5A-0BF61041231C}"
EndProject
Global
	GlobalSection(SolutionConfigurationPlatforms) = preSolution
		Debug|Any CPU = Debug|Any CPU
		Release|Any CPU = Release|Any CPU
	EndGlobalSection
	GlobalSection(ProjectConfigurationPlatforms) = postSolution
		{C8C76B57-FCE9-43BD-BC5A-0BF61041231C}.Debug|Any CPU.ActiveCfg = Debug|Any CPU
		{C8C76B57-FCE9-43BD-BC5A-0BF61041231C}.Debug|Any CPU.Build.0 = Debug|Any CPU
		{C8C76B57-FCE9-43BD-BC5A-0BF61041231C}.Release|Any CPU.ActiveCfg = Release|Any CPU
		{C8C76B57-FCE9-43BD-BC5A-0BF61041231C}.Release|Any CPU.Build.0 = Release|Any CPU
	EndGlobalSection
	GlobalSection(SolutionProperties) = preSolution
		HideSolutionNode = FALSE
	EndGlobalSection
	GlobalSection(ExtensibilityGlobals) = postSolution
		SolutionGuid = {6C7B7379-4821-452F-8667-4FC210C7B2D6}
	EndGlobalSection
EndGlobal
